// !$*UTF8*$!
{
	archiveVersion = 1;
	classes = {
	};
	objectVersion = 50;
	objects = {

/* Begin PBXBuildFile section */
		390A3BB32568992200081B7C /* AppDelegate.swift in Sources */ = {isa = PBXBuildFile; fileRef = 390A3BB22568992200081B7C /* AppDelegate.swift */; };
		390A3BB52568992200081B7C /* SceneDelegate.swift in Sources */ = {isa = PBXBuildFile; fileRef = 390A3BB42568992200081B7C /* SceneDelegate.swift */; };
		390A3BB72568992200081B7C /* ViewController.swift in Sources */ = {isa = PBXBuildFile; fileRef = 390A3BB62568992200081B7C /* ViewController.swift */; };
		390A3BBA2568992200081B7C /* Main.storyboard in Resources */ = {isa = PBXBuildFile; fileRef = 390A3BB82568992200081B7C /* Main.storyboard */; };
		390A3BBC2568992300081B7C /* Assets.xcassets in Resources */ = {isa = PBXBuildFile; fileRef = 390A3BBB2568992300081B7C /* Assets.xcassets */; };
		390A3BBF2568992300081B7C /* LaunchScreen.storyboard in Resources */ = {isa = PBXBuildFile; fileRef = 390A3BBD2568992300081B7C /* LaunchScreen.storyboard */; };
		390A3BC925689FF600081B7C /* CardModel.swift in Sources */ = {isa = PBXBuildFile; fileRef = 390A3BC825689FF600081B7C /* CardModel.swift */; };
		390A3BCD2568A0BB00081B7C /* Card.swift in Sources */ = {isa = PBXBuildFile; fileRef = 390A3BCC2568A0BB00081B7C /* Card.swift */; };
		390A3BD12568A68000081B7C /* CardCollectionViewCell.swift in Sources */ = {isa = PBXBuildFile; fileRef = 390A3BD02568A68000081B7C /* CardCollectionViewCell.swift */; };
		3936C5F5256DC6B3006E0331 /* cardflip.wav in Resources */ = {isa = PBXBuildFile; fileRef = 3936C5F1256DC6B3006E0331 /* cardflip.wav */; };
		3936C5F6256DC6B3006E0331 /* dingcorrect.wav in Resources */ = {isa = PBXBuildFile; fileRef = 3936C5F2256DC6B3006E0331 /* dingcorrect.wav */; };
		3936C5F7256DC6B3006E0331 /* shuffle.wav in Resources */ = {isa = PBXBuildFile; fileRef = 3936C5F3256DC6B3006E0331 /* shuffle.wav */; };
		3936C5F8256DC6B3006E0331 /* dingwrong.wav in Resources */ = {isa = PBXBuildFile; fileRef = 3936C5F4256DC6B3006E0331 /* dingwrong.wav */; };
		3936C5FB256DC73A006E0331 /* SoundManager.swift in Sources */ = {isa = PBXBuildFile; fileRef = 3936C5FA256DC73A006E0331 /* SoundManager.swift */; };
/* End PBXBuildFile section */

/* Begin PBXFileReference section */
		390A3BAF2568992200081B7C /* CardMatch.app */ = {isa = PBXFileReference; explicitFileType = wrapper.application; includeInIndex = 0; path = CardMatch.app; sourceTree = BUILT_PRODUCTS_DIR; };
		390A3BB22568992200081B7C /* AppDelegate.swift */ = {isa = PBXFileReference; lastKnownFileType = sourcecode.swift; path = AppDelegate.swift; sourceTree = "<group>"; };
		390A3BB42568992200081B7C /* SceneDelegate.swift */ = {isa = PBXFileReference; lastKnownFileType = sourcecode.swift; path = SceneDelegate.swift; sourceTree = "<group>"; };
		390A3BB62568992200081B7C /* ViewController.swift */ = {isa = PBXFileReference; lastKnownFileType = sourcecode.swift; path = ViewController.swift; sourceTree = "<group>"; };
		390A3BB92568992200081B7C /* Base */ = {isa = PBXFileReference; lastKnownFileType = file.storyboard; name = Base; path = Base.lproj/Main.storyboard; sourceTree = "<group>"; };
		390A3BBB2568992300081B7C /* Assets.xcassets */ = {isa = PBXFileReference; lastKnownFileType = folder.assetcatalog; path = Assets.xcassets; sourceTree = "<group>"; };
		390A3BBE2568992300081B7C /* Base */ = {isa = PBXFileReference; lastKnownFileType = file.storyboard; name = Base; path = Base.lproj/LaunchScreen.storyboard; sourceTree = "<group>"; };
		390A3BC02568992300081B7C /* Info.plist */ = {isa = PBXFileReference; lastKnownFileType = text.plist.xml; path = Info.plist; sourceTree = "<group>"; };
		390A3BC825689FF600081B7C /* CardModel.swift */ = {isa = PBXFileReference; lastKnownFileType = sourcecode.swift; path = CardModel.swift; sourceTree = "<group>"; };
		390A3BCC2568A0BB00081B7C /* Card.swift */ = {isa = PBXFileReference; lastKnownFileType = sourcecode.swift; path = Card.swift; sourceTree = "<group>"; };
		390A3BD02568A68000081B7C /* CardCollectionViewCell.swift */ = {isa = PBXFileReference; lastKnownFileType = sourcecode.swift; path = CardCollectionViewCell.swift; sourceTree = "<group>"; };
		3936C5F1256DC6B3006E0331 /* cardflip.wav */ = {isa = PBXFileReference; lastKnownFileType = audio.wav; path = cardflip.wav; sourceTree = "<group>"; };
		3936C5F2256DC6B3006E0331 /* dingcorrect.wav */ = {isa = PBXFileReference; lastKnownFileType = audio.wav; path = dingcorrect.wav; sourceTree = "<group>"; };
		3936C5F3256DC6B3006E0331 /* shuffle.wav */ = {isa = PBXFileReference; lastKnownFileType = audio.wav; path = shuffle.wav; sourceTree = "<group>"; };
		3936C5F4256DC6B3006E0331 /* dingwrong.wav */ = {isa = PBXFileReference; lastKnownFileType = audio.wav; path = dingwrong.wav; sourceTree = "<group>"; };
		3936C5FA256DC73A006E0331 /* SoundManager.swift */ = {isa = PBXFileReference; lastKnownFileType = sourcecode.swift; path = SoundManager.swift; sourceTree = "<group>"; };
/* End PBXFileReference section */

/* Begin PBXFrameworksBuildPhase section */
		390A3BAC2568992200081B7C /* Frameworks */ = {
			isa = PBXFrameworksBuildPhase;
			buildActionMask = 2147483647;
			files = (
			);
			runOnlyForDeploymentPostprocessing = 0;
		};
/* End PBXFrameworksBuildPhase section */

/* Begin PBXGroup section */
		390A3BA62568992200081B7C = {
			isa = PBXGroup;
			children = (
				390A3BB12568992200081B7C /* CardMatch */,
				390A3BB02568992200081B7C /* Products */,
			);
			sourceTree = "<group>";
		};
		390A3BB02568992200081B7C /* Products */ = {
			isa = PBXGroup;
			children = (
				390A3BAF2568992200081B7C /* CardMatch.app */,
			);
			name = Products;
			sourceTree = "<group>";
		};
		390A3BB12568992200081B7C /* CardMatch */ = {
			isa = PBXGroup;
			children = (
				3936C5F0256DC69A006E0331 /* Sounds */,
				390A3BB22568992200081B7C /* AppDelegate.swift */,
				390A3BB42568992200081B7C /* SceneDelegate.swift */,
				390A3BB62568992200081B7C /* ViewController.swift */,
				390A3BC825689FF600081B7C /* CardModel.swift */,
				390A3BCC2568A0BB00081B7C /* Card.swift */,
				390A3BD02568A68000081B7C /* CardCollectionViewCell.swift */,
				3936C5FA256DC73A006E0331 /* SoundManager.swift */,
				390A3BB82568992200081B7C /* Main.storyboard */,
				390A3BBB2568992300081B7C /* Assets.xcassets */,
				390A3BBD2568992300081B7C /* LaunchScreen.storyboard */,
				390A3BC02568992300081B7C /* Info.plist */,
			);
			path = CardMatch;
			sourceTree = "<group>";
		};
		3936C5F0256DC69A006E0331 /* Sounds */ = {
			isa = PBXGroup;
			children = (
				3936C5F1256DC6B3006E0331 /* cardflip.wav */,
				3936C5F2256DC6B3006E0331 /* dingcorrect.wav */,
				3936C5F4256DC6B3006E0331 /* dingwrong.wav */,
				3936C5F3256DC6B3006E0331 /* shuffle.wav */,
			);
			path = Sounds;
			sourceTree = "<group>";
		};
/* End PBXGroup section */

/* Begin PBXNativeTarget section */
		390A3BAE2568992200081B7C /* CardMatch */ = {
			isa = PBXNativeTarget;
			buildConfigurationList = 390A3BC32568992300081B7C /* Build configuration list for PBXNativeTarget "CardMatch" */;
			buildPhases = (
				390A3BAB2568992200081B7C /* Sources */,
				390A3BAC2568992200081B7C /* Frameworks */,
				390A3BAD2568992200081B7C /* Resources */,
			);
			buildRules = (
			);
			dependencies = (
			);
			name = CardMatch;
			productName = CardMatch;
			productReference = 390A3BAF2568992200081B7C /* CardMatch.app */;
			productType = "com.apple.product-type.application";
		};
/* End PBXNativeTarget section */

/* Begin PBXProject section */
		390A3BA72568992200081B7C /* Project object */ = {
			isa = PBXProject;
			attributes = {
				LastSwiftUpdateCheck = 1220;
				LastUpgradeCheck = 1220;
				TargetAttributes = {
					390A3BAE2568992200081B7C = {
						CreatedOnToolsVersion = 12.2;
					};
				};
			};
			buildConfigurationList = 390A3BAA2568992200081B7C /* Build configuration list for PBXProject "CardMatch" */;
			compatibilityVersion = "Xcode 9.3";
			developmentRegion = en;
			hasScannedForEncodings = 0;
			knownRegions = (
				en,
				Base,
			);
			mainGroup = 390A3BA62568992200081B7C;
			productRefGroup = 390A3BB02568992200081B7C /* Products */;
			projectDirPath = "";
			projectRoot = "";
			targets = (
				390A3BAE2568992200081B7C /* CardMatch */,
			);
		};
/* End PBXProject section */

/* Begin PBXResourcesBuildPhase section */
		390A3BAD2568992200081B7C /* Resources */ = {
			isa = PBXResourcesBuildPhase;
			buildActionMask = 2147483647;
			files = (
				3936C5F7256DC6B3006E0331 /* shuffle.wav in Resources */,
				3936C5F8256DC6B3006E0331 /* dingwrong.wav in Resources */,
				390A3BBF2568992300081B7C /* LaunchScreen.storyboard in Resources */,
				3936C5F6256DC6B3006E0331 /* dingcorrect.wav in Resources */,
				3936C5F5256DC6B3006E0331 /* cardflip.wav in Resources */,
				390A3BBC2568992300081B7C /* Assets.xcassets in Resources */,
				390A3BBA2568992200081B7C /* Main.storyboard in Resources */,
			);
			runOnlyForDeploymentPostprocessing = 0;
		};
/* End PBXResourcesBuildPhase section */

/* Begin PBXSourcesBuildPhase section */
		390A3BAB2568992200081B7C /* Sources */ = {
			isa = PBXSourcesBuildPhase;
			buildActionMask = 2147483647;
			files = (
				390A3BB72568992200081B7C /* ViewController.swift in Sources */,
				390A3BC925689FF600081B7C /* CardModel.swift in Sources */,
				390A3BCD2568A0BB00081B7C /* Card.swift in Sources */,
				390A3BB32568992200081B7C /* AppDelegate.swift in Sources */,
				390A3BD12568A68000081B7C /* CardCollectionViewCell.swift in Sources */,
				3936C5FB256DC73A006E0331 /* SoundManager.swift in Sources */,
				390A3BB52568992200081B7C /* SceneDelegate.swift in Sources */,
			);
			runOnlyForDeploymentPostprocessing = 0;
		};
/* End PBXSourcesBuildPhase section */

/* Begin PBXVariantGroup section */
		390A3BB82568992200081B7C /* Main.storyboard */ = {
			isa = PBXVariantGroup;
			children = (
				390A3BB92568992200081B7C /* Base */,
			);
			name = Main.storyboard;
			sourceTree = "<group>";
		};
		390A3BBD2568992300081B7C /* LaunchScreen.storyboard */ = {
			isa = PBXVariantGroup;
			children = (
				390A3BBE2568992300081B7C /* Base */,
			);
			name = LaunchScreen.storyboard;
			sourceTree = "<group>";
		};
/* End PBXVariantGroup section */

/* Begin XCBuildConfiguration section */
		390A3BC12568992300081B7C /* Debug */ = {
			isa = XCBuildConfiguration;
			buildSettings = {
				ALWAYS_SEARCH_USER_PATHS = NO;
				CLANG_ANALYZER_NONNULL = YES;
				CLANG_ANALYZER_NUMBER_OBJECT_CONVERSION = YES_AGGRESSIVE;
				CLANG_CXX_LANGUAGE_STANDARD = "gnu++14";
				CLANG_CXX_LIBRARY = "libc++";
				CLANG_ENABLE_MODULES = YES;
				CLANG_ENABLE_OBJC_ARC = YES;
				CLANG_ENABLE_OBJC_WEAK = YES;
				CLANG_WARN_BLOCK_CAPTURE_AUTORELEASING = YES;
				CLANG_WARN_BOOL_CONVERSION = YES;
				CLANG_WARN_COMMA = YES;
				CLANG_WARN_CONSTANT_CONVERSION = YES;
				CLANG_WARN_DEPRECATED_OBJC_IMPLEMENTATIONS = YES;
				CLANG_WARN_DIRECT_OBJC_ISA_USAGE = YES_ERROR;
				CLANG_WARN_DOCUMENTATION_COMMENTS = YES;
				CLANG_WARN_EMPTY_BODY = YES;
				CLANG_WARN_ENUM_CONVERSION = YES;
				CLANG_WARN_INFINITE_RECURSION = YES;
				CLANG_WARN_INT_CONVERSION = YES;
				CLANG_WARN_NON_LITERAL_NULL_CONVERSION = YES;
				CLANG_WARN_OBJC_IMPLICIT_RETAIN_SELF = YES;
				CLANG_WARN_OBJC_LITERAL_CONVERSION = YES;
				CLANG_WARN_OBJC_ROOT_CLASS = YES_ERROR;
				CLANG_WARN_QUOTED_INCLUDE_IN_FRAMEWORK_HEADER = YES;
				CLANG_WARN_RANGE_LOOP_ANALYSIS = YES;
				CLANG_WARN_STRICT_PROTOTYPES = YES;
				CLANG_WARN_SUSPICIOUS_MOVE = YES;
				CLANG_WARN_UNGUARDED_AVAILABILITY = YES_AGGRESSIVE;
				CLANG_WARN_UNREACHABLE_CODE = YES;
				CLANG_WARN__DUPLICATE_METHOD_MATCH = YES;
				COPY_PHASE_STRIP = NO;
				DEBUG_INFORMATION_FORMAT = dwarf;
				ENABLE_STRICT_OBJC_MSGSEND = YES;
				ENABLE_TESTABILITY = YES;
				GCC_C_LANGUAGE_STANDARD = gnu11;
				GCC_DYNAMIC_NO_PIC = NO;
				GCC_NO_COMMON_BLOCKS = YES;
				GCC_OPTIMIZATION_LEVEL = 0;
				GCC_PREPROCESSOR_DEFINITIONS = (
					"DEBUG=1",
					"$(inherited)",
				);
				GCC_WARN_64_TO_32_BIT_CONVERSION = YES;
				GCC_WARN_ABOUT_RETURN_TYPE = YES_ERROR;
				GCC_WARN_UNDECLARED_SELECTOR = YES;
				GCC_WARN_UNINITIALIZED_AUTOS = YES_AGGRESSIVE;
				GCC_WARN_UNUSED_FUNCTION = YES;
				GCC_WARN_UNUSED_VARIABLE = YES;
				IPHONEOS_DEPLOYMENT_TARGET = 14.2;
				MTL_ENABLE_DEBUG_INFO = INCLUDE_SOURCE;
				MTL_FAST_MATH = YES;
				ONLY_ACTIVE_ARCH = YES;
				SDKROOT = iphoneos;
				SWIFT_ACTIVE_COMPILATION_CONDITIONS = DEBUG;
				SWIFT_OPTIMIZATION_LEVEL = "-Onone";
			};
			name = Debug;
		};
		390A3BC22568992300081B7C /* Release */ = {
			isa = XCBuildConfiguration;
			buildSettings = {
				ALWAYS_SEARCH_USER_PATHS = NO;
				CLANG_ANALYZER_NONNULL = YES;
				CLANG_ANALYZER_NUMBER_OBJECT_CONVERSION = YES_AGGRESSIVE;
				CLANG_CXX_LANGUAGE_STANDARD = "gnu++14";
				CLANG_CXX_LIBRARY = "libc++";
				CLANG_ENABLE_MODULES = YES;
				CLANG_ENABLE_OBJC_ARC = YES;
				CLANG_ENABLE_OBJC_WEAK = YES;
				CLANG_WARN_BLOCK_CAPTURE_AUTORELEASING = YES;
				CLANG_WARN_BOOL_CONVERSION = YES;
				CLANG_WARN_COMMA = YES;
				CLANG_WARN_CONSTANT_CONVERSION = YES;
				CLANG_WARN_DEPRECATED_OBJC_IMPLEMENTATIONS = YES;
				CLANG_WARN_DIRECT_OBJC_ISA_USAGE = YES_ERROR;
				CLANG_WARN_DOCUMENTATION_COMMENTS = YES;
				CLANG_WARN_EMPTY_BODY = YES;
				CLANG_WARN_ENUM_CONVERSION = YES;
				CLANG_WARN_INFINITE_RECURSION = YES;
				CLANG_WARN_INT_CONVERSION = YES;
				CLANG_WARN_NON_LITERAL_NULL_CONVERSION = YES;
				CLANG_WARN_OBJC_IMPLICIT_RETAIN_SELF = YES;
				CLANG_WARN_OBJC_LITERAL_CONVERSION = YES;
				CLANG_WARN_OBJC_ROOT_CLASS = YES_ERROR;
				CLANG_WARN_QUOTED_INCLUDE_IN_FRAMEWORK_HEADER = YES;
				CLANG_WARN_RANGE_LOOP_ANALYSIS = YES;
				CLANG_WARN_STRICT_PROTOTYPES = YES;
				CLANG_WARN_SUSPICIOUS_MOVE = YES;
				CLANG_WARN_UNGUARDED_AVAILABILITY = YES_AGGRESSIVE;
				CLANG_WARN_UNREACHABLE_CODE = YES;
				CLANG_WARN__DUPLICATE_METHOD_MATCH = YES;
				COPY_PHASE_STRIP = NO;
				DEBUG_INFORMATION_FORMAT = "dwarf-with-dsym";
				ENABLE_NS_ASSERTIONS = NO;
				ENABLE_STRICT_OBJC_MSGSEND = YES;
				GCC_C_LANGUAGE_STANDARD = gnu11;
				GCC_NO_COMMON_BLOCKS = YES;
				GCC_WARN_64_TO_32_BIT_CONVERSION = YES;
				GCC_WARN_ABOUT_RETURN_TYPE = YES_ERROR;
				GCC_WARN_UNDECLARED_SELECTOR = YES;
				GCC_WARN_UNINITIALIZED_AUTOS = YES_AGGRESSIVE;
				GCC_WARN_UNUSED_FUNCTION = YES;
				GCC_WARN_UNUSED_VARIABLE = YES;
				IPHONEOS_DEPLOYMENT_TARGET = 14.2;
				MTL_ENABLE_DEBUG_INFO = NO;
				MTL_FAST_MATH = YES;
				SDKROOT = iphoneos;
				SWIFT_COMPILATION_MODE = wholemodule;
				SWIFT_OPTIMIZATION_LEVEL = "-O";
				VALIDATE_PRODUCT = YES;
			};
			name = Release;
		};
		390A3BC42568992300081B7C /* Debug */ = {
			isa = XCBuildConfiguration;
			buildSettings = {
				ASSETCATALOG_COMPILER_APPICON_NAME = AppIcon;
				ASSETCATALOG_COMPILER_GLOBAL_ACCENT_COLOR_NAME = AccentColor;
				CODE_SIGN_STYLE = Automatic;
				INFOPLIST_FILE = CardMatch/Info.plist;
				LD_RUNPATH_SEARCH_PATHS = (
					"$(inherited)",
					"@executable_path/Frameworks",
				);
				PRODUCT_BUNDLE_IDENTIFIER = "Michael-Zeng.CardMatch";
				PRODUCT_NAME = "$(TARGET_NAME)";
				SWIFT_VERSION = 5.0;
				TARGETED_DEVICE_FAMILY = "1,2";
			};
			name = Debug;
		};
		390A3BC52568992300081B7C /* Release */ = {
			isa = XCBuildConfiguration;
			buildSettings = {
				ASSETCATALOG_COMPILER_APPICON_NAME = AppIcon;
				ASSETCATALOG_COMPILER_GLOBAL_ACCENT_COLOR_NAME = AccentColor;
				CODE_SIGN_STYLE = Automatic;
				INFOPLIST_FILE = CardMatch/Info.plist;
				LD_RUNPATH_SEARCH_PATHS = (
					"$(inherited)",
					"@executable_path/Frameworks",
				);
				PRODUCT_BUNDLE_IDENTIFIER = "Michael-Zeng.CardMatch";
				PRODUCT_NAME = "$(TARGET_NAME)";
				SWIFT_VERSION = 5.0;
				TARGETED_DEVICE_FAMILY = "1,2";
			};
			name = Release;
		};
/* End XCBuildConfiguration section */

/* Begin XCConfigurationList section */
		390A3BAA2568992200081B7C /* Build configuration list for PBXProject "CardMatch" */ = {
			isa = XCConfigurationList;
			buildConfigurations = (
				390A3BC12568992300081B7C /* Debug */,
				390A3BC22568992300081B7C /* Release */,
			);
			defaultConfigurationIsVisible = 0;
			defaultConfigurationName = Release;
		};
		390A3BC32568992300081B7C /* Build configuration list for PBXNativeTarget "CardMatch" */ = {
			isa = XCConfigurationList;
			buildConfigurations = (
				390A3BC42568992300081B7C /* Debug */,
				390A3BC52568992300081B7C /* Release */,
			);
			defaultConfigurationIsVisible = 0;
			defaultConfigurationName = Release;
		};
/* End XCConfigurationList section */
	};
	rootObject = 390A3BA72568992200081B7C /* Project object */;
}
